
Microsoft Visual Studio Solution File, Format Version 12.00
# Visual Studio 15
VisualStudioVersion = 15.0.28307.168
MinimumVisualStudioVersion = 10.0.40219.1
Project("{2150E333-8FDC-42A3-9474-1A3956D46DE8}") = "Foundation", "Foundation", "{C80A9CEA-66D1-4382-8AE1-13109EA4F534}"
EndProject
Project("{2150E333-8FDC-42A3-9474-1A3956D46DE8}") = "Feature", "Feature", "{3E744533-2257-47BF-839E-120AB467F751}"
EndProject
Project("{2150E333-8FDC-42A3-9474-1A3956D46DE8}") = "Project", "Project", "{9779FA9D-C05E-4F7C-AFAF-BB106BFAEDA7}"
EndProject
Project("{2150E333-8FDC-42A3-9474-1A3956D46DE8}") = "Fables", "Fables", "{DC5E3AAF-9E6C-4252-947C-3FACDAFFA108}"
EndProject
Project("{FAE04EC0-301F-11D3-BF4B-00C04F79EFBC}") = "SC91Training.Project.Fables", "src\Project\Fables\code\SC91Training.Project.Fables.csproj", "{1085E96A-EB7D-42F2-A798-3844502CF00A}"
EndProject
Project("{2150E333-8FDC-42A3-9474-1A3956D46DE8}") = "Assets", "Assets", "{D9A87336-163B-4DAB-AAA5-80EE220161FF}"
EndProject
Project("{2150E333-8FDC-42A3-9474-1A3956D46DE8}") = "Multisite", "Multisite", "{955AEBE6-1042-4260-B974-C67CEF004739}"
EndProject
Project("{FAE04EC0-301F-11D3-BF4B-00C04F79EFBC}") = "SC91Training.Foundation.Multisite", "src\Foundation\Multisite\code\SC91Training.Foundation.Multisite.csproj", "{3D913B86-B257-4A77-BA48-FE2258FA7371}"
EndProject
Project("{2150E333-8FDC-42A3-9474-1A3956D46DE8}") = "Extensions", "Extensions", "{B1361D77-2FC9-4B3B-96E2-A754C6FDDAEC}"
EndProject
Project("{2150E333-8FDC-42A3-9474-1A3956D46DE8}") = "Common", "Common", "{A8BF594F-D076-4A89-AE04-858A4E35AE1B}"
EndProject
Project("{FAE04EC0-301F-11D3-BF4B-00C04F79EFBC}") = "SC91Training.Project.Common", "src\Project\Common\code\SC91Training.Project.Common.csproj", "{C8ABA12A-0A28-4BF0-937B-B78A37318ACC}"
EndProject
Project("{FAE04EC0-301F-11D3-BF4B-00C04F79EFBC}") = "SC91Training.Foundation.SitecoreExtensions", "src\Foundation\Extensions\code\SC91Training.Foundation.SitecoreExtensions.csproj", "{78447F3A-C649-42A5-B3C5-A109776D221F}"
EndProject
Project("{FAE04EC0-301F-11D3-BF4B-00C04F79EFBC}") = "SC91Training.Foundation.Assets", "src\Foundation\Assets\code\SC91Training.Foundation.Assets.csproj", "{8645DC5B-4194-4088-A210-15BE4764CD4E}"
EndProject
Project("{2150E333-8FDC-42A3-9474-1A3956D46DE8}") = "Metadata", "Metadata", "{D0236E67-C87D-43BA-B170-D8F1CBB93475}"
EndProject
Project("{FAE04EC0-301F-11D3-BF4B-00C04F79EFBC}") = "SC91Training.Feature.Metadata", "src\Feature\Metadata\code\SC91Training.Feature.Metadata.csproj", "{0F1A540D-85DE-431E-B92B-B58513194014}"
EndProject
Project("{2150E333-8FDC-42A3-9474-1A3956D46DE8}") = "Navigation", "Navigation", "{6BE4231C-BF78-4834-A957-E4BB636E7FB8}"
EndProject
Project("{FAE04EC0-301F-11D3-BF4B-00C04F79EFBC}") = "SC91Training.Feature.Navigation", "src\Feature\Navigation\code\SC91Training.Feature.Navigation.csproj", "{D68BDAB8-5A3E-4DFE-B5C5-A50B32216461}"
EndProject
Project("{2150E333-8FDC-42A3-9474-1A3956D46DE8}") = "Identity", "Identity", "{4FE1F1F3-D305-4DE9-BE72-1474CE5D8A4B}"
EndProject
Project("{FAE04EC0-301F-11D3-BF4B-00C04F79EFBC}") = "SC91Training.Feature.Identity", "src\Feature\Identity\code\SC91Training.Feature.Identity.csproj", "{47B022D3-201B-4257-B392-15C09F5458F6}"
EndProject
Global
	GlobalSection(SolutionConfigurationPlatforms) = preSolution
		Debug|Any CPU = Debug|Any CPU
		Release|Any CPU = Release|Any CPU
	EndGlobalSection
	GlobalSection(ProjectConfigurationPlatforms) = postSolution
		{1085E96A-EB7D-42F2-A798-3844502CF00A}.Debug|Any CPU.ActiveCfg = Debug|Any CPU
		{1085E96A-EB7D-42F2-A798-3844502CF00A}.Debug|Any CPU.Build.0 = Debug|Any CPU
		{1085E96A-EB7D-42F2-A798-3844502CF00A}.Release|Any CPU.ActiveCfg = Release|Any CPU
		{1085E96A-EB7D-42F2-A798-3844502CF00A}.Release|Any CPU.Build.0 = Release|Any CPU
		{3D913B86-B257-4A77-BA48-FE2258FA7371}.Debug|Any CPU.ActiveCfg = Debug|Any CPU
		{3D913B86-B257-4A77-BA48-FE2258FA7371}.Debug|Any CPU.Build.0 = Debug|Any CPU
		{3D913B86-B257-4A77-BA48-FE2258FA7371}.Release|Any CPU.ActiveCfg = Release|Any CPU
		{3D913B86-B257-4A77-BA48-FE2258FA7371}.Release|Any CPU.Build.0 = Release|Any CPU
		{C8ABA12A-0A28-4BF0-937B-B78A37318ACC}.Debug|Any CPU.ActiveCfg = Debug|Any CPU
		{C8ABA12A-0A28-4BF0-937B-B78A37318ACC}.Debug|Any CPU.Build.0 = Debug|Any CPU
		{C8ABA12A-0A28-4BF0-937B-B78A37318ACC}.Release|Any CPU.ActiveCfg = Release|Any CPU
		{C8ABA12A-0A28-4BF0-937B-B78A37318ACC}.Release|Any CPU.Build.0 = Release|Any CPU
		{78447F3A-C649-42A5-B3C5-A109776D221F}.Debug|Any CPU.ActiveCfg = Debug|Any CPU
		{78447F3A-C649-42A5-B3C5-A109776D221F}.Debug|Any CPU.Build.0 = Debug|Any CPU
		{78447F3A-C649-42A5-B3C5-A109776D221F}.Release|Any CPU.ActiveCfg = Release|Any CPU
		{78447F3A-C649-42A5-B3C5-A109776D221F}.Release|Any CPU.Build.0 = Release|Any CPU
		{8645DC5B-4194-4088-A210-15BE4764CD4E}.Debug|Any CPU.ActiveCfg = Debug|Any CPU
		{8645DC5B-4194-4088-A210-15BE4764CD4E}.Debug|Any CPU.Build.0 = Debug|Any CPU
		{8645DC5B-4194-4088-A210-15BE4764CD4E}.Release|Any CPU.ActiveCfg = Release|Any CPU
		{8645DC5B-4194-4088-A210-15BE4764CD4E}.Release|Any CPU.Build.0 = Release|Any CPU
		{0F1A540D-85DE-431E-B92B-B58513194014}.Debug|Any CPU.ActiveCfg = Debug|Any CPU
		{0F1A540D-85DE-431E-B92B-B58513194014}.Debug|Any CPU.Build.0 = Debug|Any CPU
		{0F1A540D-85DE-431E-B92B-B58513194014}.Release|Any CPU.ActiveCfg = Release|Any CPU
		{0F1A540D-85DE-431E-B92B-B58513194014}.Release|Any CPU.Build.0 = Release|Any CPU
		{D68BDAB8-5A3E-4DFE-B5C5-A50B32216461}.Debug|Any CPU.ActiveCfg = Debug|Any CPU
		{D68BDAB8-5A3E-4DFE-B5C5-A50B32216461}.Debug|Any CPU.Build.0 = Debug|Any CPU
		{D68BDAB8-5A3E-4DFE-B5C5-A50B32216461}.Release|Any CPU.ActiveCfg = Release|Any CPU
		{D68BDAB8-5A3E-4DFE-B5C5-A50B32216461}.Release|Any CPU.Build.0 = Release|Any CPU
		{47B022D3-201B-4257-B392-15C09F5458F6}.Debug|Any CPU.ActiveCfg = Debug|Any CPU
		{47B022D3-201B-4257-B392-15C09F5458F6}.Debug|Any CPU.Build.0 = Debug|Any CPU
		{47B022D3-201B-4257-B392-15C09F5458F6}.Release|Any CPU.ActiveCfg = Release|Any CPU
		{47B022D3-201B-4257-B392-15C09F5458F6}.Release|Any CPU.Build.0 = Release|Any CPU
	EndGlobalSection
	GlobalSection(SolutionProperties) = preSolution
		HideSolutionNode = FALSE
	EndGlobalSection
	GlobalSection(NestedProjects) = preSolution
		{DC5E3AAF-9E6C-4252-947C-3FACDAFFA108} = {9779FA9D-C05E-4F7C-AFAF-BB106BFAEDA7}
		{1085E96A-EB7D-42F2-A798-3844502CF00A} = {DC5E3AAF-9E6C-4252-947C-3FACDAFFA108}
		{D9A87336-163B-4DAB-AAA5-80EE220161FF} = {C80A9CEA-66D1-4382-8AE1-13109EA4F534}
		{955AEBE6-1042-4260-B974-C67CEF004739} = {C80A9CEA-66D1-4382-8AE1-13109EA4F534}
		{3D913B86-B257-4A77-BA48-FE2258FA7371} = {955AEBE6-1042-4260-B974-C67CEF004739}
		{B1361D77-2FC9-4B3B-96E2-A754C6FDDAEC} = {C80A9CEA-66D1-4382-8AE1-13109EA4F534}
		{A8BF594F-D076-4A89-AE04-858A4E35AE1B} = {9779FA9D-C05E-4F7C-AFAF-BB106BFAEDA7}
		{C8ABA12A-0A28-4BF0-937B-B78A37318ACC} = {A8BF594F-D076-4A89-AE04-858A4E35AE1B}
		{78447F3A-C649-42A5-B3C5-A109776D221F} = {B1361D77-2FC9-4B3B-96E2-A754C6FDDAEC}
		{8645DC5B-4194-4088-A210-15BE4764CD4E} = {D9A87336-163B-4DAB-AAA5-80EE220161FF}
		{D0236E67-C87D-43BA-B170-D8F1CBB93475} = {3E744533-2257-47BF-839E-120AB467F751}
		{0F1A540D-85DE-431E-B92B-B58513194014} = {D0236E67-C87D-43BA-B170-D8F1CBB93475}
		{6BE4231C-BF78-4834-A957-E4BB636E7FB8} = {3E744533-2257-47BF-839E-120AB467F751}
		{D68BDAB8-5A3E-4DFE-B5C5-A50B32216461} = {6BE4231C-BF78-4834-A957-E4BB636E7FB8}
		{4FE1F1F3-D305-4DE9-BE72-1474CE5D8A4B} = {3E744533-2257-47BF-839E-120AB467F751}
		{47B022D3-201B-4257-B392-15C09F5458F6} = {4FE1F1F3-D305-4DE9-BE72-1474CE5D8A4B}
	EndGlobalSection
	GlobalSection(ExtensibilityGlobals) = postSolution
		SolutionGuid = {CEBD4105-2E9A-4F2A-BA9C-B0BF02D0E24D}
	EndGlobalSection
EndGlobal
